
Microsoft Visual Studio Solution File, Format Version 12.00
# Visual Studio Version 17
VisualStudioVersion = 17.3.32811.315
MinimumVisualStudioVersion = 10.0.40219.1
Project("{FAE04EC0-301F-11D3-BF4B-00C04F79EFBC}") = "PatikaDevOdev", "PatikaDevOdev\PatikaDevOdev.csproj", "{F4A716C9-0288-43A1-9728-3DCB0BCEE891}"
EndProject
Project("{2150E333-8FDC-42A3-9474-1A3956D46DE8}") = "Notlar", "Notlar", "{3674041D-B4B1-4E9A-90AE-4F21BAA7643B}"
	ProjectSection(SolutionItems) = preProject
		ArrayKoleksiyon.cs = ArrayKoleksiyon.cs
		GenericKoleksiyon.cs = GenericKoleksiyon.cs
	EndProjectSection
EndProject
Global
	GlobalSection(SolutionConfigurationPlatforms) = preSolution
		Debug|Any CPU = Debug|Any CPU
		Release|Any CPU = Release|Any CPU
	EndGlobalSection
	GlobalSection(ProjectConfigurationPlatforms) = postSolution
		{F4A716C9-0288-43A1-9728-3DCB0BCEE891}.Debug|Any CPU.ActiveCfg = Debug|Any CPU
		{F4A716C9-0288-43A1-9728-3DCB0BCEE891}.Debug|Any CPU.Build.0 = Debug|Any CPU
		{F4A716C9-0288-43A1-9728-3DCB0BCEE891}.Release|Any CPU.ActiveCfg = Release|Any CPU
		{F4A716C9-0288-43A1-9728-3DCB0BCEE891}.Release|Any CPU.Build.0 = Release|Any CPU
	EndGlobalSection
	GlobalSection(SolutionProperties) = preSolution
		HideSolutionNode = FALSE
	EndGlobalSection
	GlobalSection(ExtensibilityGlobals) = postSolution
		SolutionGuid = {AC6CBBC1-118C-461F-88F8-5DEBFB67A496}
	EndGlobalSection
EndGlobal
