
Microsoft Visual Studio Solution File, Format Version 12.00
# Visual Studio Version 17
VisualStudioVersion = 17.3.32811.315
MinimumVisualStudioVersion = 10.0.40219.1
Project("{FAE04EC0-301F-11D3-BF4B-00C04F79EFBC}") = "PatikaDevOdev", "PatikaDevOdev\PatikaDevOdev.csproj", "{F4A716C9-0288-43A1-9728-3DCB0BCEE891}"
EndProject
Project("{2150E333-8FDC-42A3-9474-1A3956D46DE8}") = "KoleksiyonNotlar", "KoleksiyonNotlar", "{3674041D-B4B1-4E9A-90AE-4F21BAA7643B}"
	ProjectSection(SolutionItems) = preProject
		ArrayKoleksiyon.cs = ArrayKoleksiyon.cs
		Dictionary.cs = Dictionary.cs
		GenericKoleksiyon.cs = GenericKoleksiyon.cs
	EndProjectSection
EndProject
Project("{FAE04EC0-301F-11D3-BF4B-00C04F79EFBC}") = "KoleksiyonOdev", "KoleksiyonOdev\KoleksiyonOdev.csproj", "{9E1B2457-8663-42A5-BC55-4A4166324EFB}"
EndProject
Project("{2150E333-8FDC-42A3-9474-1A3956D46DE8}") = "Notlar", "Notlar", "{B87E090E-A285-479A-8D2B-93779774ED0E}"
EndProject
Project("{FAE04EC0-301F-11D3-BF4B-00C04F79EFBC}") = "classlar", "notlarIcin\classlar.csproj", "{9DACBEE5-30D5-48CC-9436-7CB9A9190B5A}"
EndProject
Project("{2150E333-8FDC-42A3-9474-1A3956D46DE8}") = "Projeler", "Projeler", "{4CC32BA1-1DB7-401C-8AA7-435A6B3D5634}"
EndProject
Project("{FAE04EC0-301F-11D3-BF4B-00C04F79EFBC}") = "TelefonRehberi", "TelefonRehberi\TelefonRehberi.csproj", "{FD95D2C0-98BD-4D5B-A36A-E7A4B35B1B4B}"
EndProject
Project("{FAE04EC0-301F-11D3-BF4B-00C04F79EFBC}") = "ToDoUygulamasi", "ToDoUygulamasi\ToDoUygulamasi.csproj", "{E542605F-2049-4F71-89E2-826902A81A98}"
EndProject
Project("{2150E333-8FDC-42A3-9474-1A3956D46DE8}") = "CSharpProjelerOdev", "CSharpProjelerOdev", "{6F7F7203-4E65-40D9-85A7-80B380DEDDFD}"
EndProject
Project("{FAE04EC0-301F-11D3-BF4B-00C04F79EFBC}") = "KolaySeviyeHepsi", "KolaySeviyeHepsi\KolaySeviyeHepsi.csproj", "{7DAF0942-5F46-4E56-8E67-FAAA2F2F302A}"
EndProject
Project("{2150E333-8FDC-42A3-9474-1A3956D46DE8}") = "KolaySeviye", "KolaySeviye", "{57FB8A46-623F-4286-B73E-EFFC932BA379}"
EndProject
Project("{2150E333-8FDC-42A3-9474-1A3956D46DE8}") = "OrtaSeviye", "OrtaSeviye", "{73B242C3-1417-4A4C-8114-04A23F45040E}"
EndProject
Project("{FAE04EC0-301F-11D3-BF4B-00C04F79EFBC}") = "AlanHesaplama", "Orta1\AlanHesaplama.csproj", "{B11BE218-0965-4276-BFF0-6D615D8A499D}"
EndProject
Project("{FAE04EC0-301F-11D3-BF4B-00C04F79EFBC}") = "IntegerIkililerinToplamı", "IntegerIkililerinToplamı\IntegerIkililerinToplamı.csproj", "{1B8CB919-C96E-4D59-AAB9-B7396A15490A}"
EndProject
Project("{FAE04EC0-301F-11D3-BF4B-00C04F79EFBC}") = "MutlakKareToplamı", "MutlakKareToplamı\MutlakKareToplamı.csproj", "{7B1935BA-F17D-48E5-912B-5D1B997BFE6A}"
EndProject
Project("{FAE04EC0-301F-11D3-BF4B-00C04F79EFBC}") = "SessizHarf", "SessizHarf\SessizHarf.csproj", "{9449EB5E-6654-4D31-B9DB-30F9401D9647}"
EndProject
Project("{2150E333-8FDC-42A3-9474-1A3956D46DE8}") = "ZorSeviye", "ZorSeviye", "{1A74AD52-B3CE-4159-B7C7-2B606B24B3C2}"
EndProject
Project("{FAE04EC0-301F-11D3-BF4B-00C04F79EFBC}") = "VotingApp", "VotingApp\VotingApp.csproj", "{93356360-8243-4FEF-8936-7111C1DE614D}"
EndProject
Project("{2150E333-8FDC-42A3-9474-1A3956D46DE8}") = "Voting App", "Voting App", "{25A05534-3CEE-4212-AD40-C874F1B08075}"
EndProject
Project("{2150E333-8FDC-42A3-9474-1A3956D46DE8}") = "AtmApp", "AtmApp", "{59C499F2-0258-428D-9674-A607A8613CB0}"
EndProject
Project("{FAE04EC0-301F-11D3-BF4B-00C04F79EFBC}") = "AtmApp", "AtmApp\AtmApp.csproj", "{146B437A-9D76-4FBE-B451-2980028FAA44}"
EndProject
Global
	GlobalSection(SolutionConfigurationPlatforms) = preSolution
		Debug|Any CPU = Debug|Any CPU
		Release|Any CPU = Release|Any CPU
	EndGlobalSection
	GlobalSection(ProjectConfigurationPlatforms) = postSolution
		{F4A716C9-0288-43A1-9728-3DCB0BCEE891}.Debug|Any CPU.ActiveCfg = Debug|Any CPU
		{F4A716C9-0288-43A1-9728-3DCB0BCEE891}.Debug|Any CPU.Build.0 = Debug|Any CPU
		{F4A716C9-0288-43A1-9728-3DCB0BCEE891}.Release|Any CPU.ActiveCfg = Release|Any CPU
		{F4A716C9-0288-43A1-9728-3DCB0BCEE891}.Release|Any CPU.Build.0 = Release|Any CPU
		{9E1B2457-8663-42A5-BC55-4A4166324EFB}.Debug|Any CPU.ActiveCfg = Debug|Any CPU
		{9E1B2457-8663-42A5-BC55-4A4166324EFB}.Debug|Any CPU.Build.0 = Debug|Any CPU
		{9E1B2457-8663-42A5-BC55-4A4166324EFB}.Release|Any CPU.ActiveCfg = Release|Any CPU
		{9E1B2457-8663-42A5-BC55-4A4166324EFB}.Release|Any CPU.Build.0 = Release|Any CPU
		{9DACBEE5-30D5-48CC-9436-7CB9A9190B5A}.Debug|Any CPU.ActiveCfg = Debug|Any CPU
		{9DACBEE5-30D5-48CC-9436-7CB9A9190B5A}.Debug|Any CPU.Build.0 = Debug|Any CPU
		{9DACBEE5-30D5-48CC-9436-7CB9A9190B5A}.Release|Any CPU.ActiveCfg = Release|Any CPU
		{9DACBEE5-30D5-48CC-9436-7CB9A9190B5A}.Release|Any CPU.Build.0 = Release|Any CPU
		{FD95D2C0-98BD-4D5B-A36A-E7A4B35B1B4B}.Debug|Any CPU.ActiveCfg = Debug|Any CPU
		{FD95D2C0-98BD-4D5B-A36A-E7A4B35B1B4B}.Debug|Any CPU.Build.0 = Debug|Any CPU
		{FD95D2C0-98BD-4D5B-A36A-E7A4B35B1B4B}.Release|Any CPU.ActiveCfg = Release|Any CPU
		{FD95D2C0-98BD-4D5B-A36A-E7A4B35B1B4B}.Release|Any CPU.Build.0 = Release|Any CPU
		{E542605F-2049-4F71-89E2-826902A81A98}.Debug|Any CPU.ActiveCfg = Debug|Any CPU
		{E542605F-2049-4F71-89E2-826902A81A98}.Debug|Any CPU.Build.0 = Debug|Any CPU
		{E542605F-2049-4F71-89E2-826902A81A98}.Release|Any CPU.ActiveCfg = Release|Any CPU
		{E542605F-2049-4F71-89E2-826902A81A98}.Release|Any CPU.Build.0 = Release|Any CPU
		{7DAF0942-5F46-4E56-8E67-FAAA2F2F302A}.Debug|Any CPU.ActiveCfg = Debug|Any CPU
		{7DAF0942-5F46-4E56-8E67-FAAA2F2F302A}.Debug|Any CPU.Build.0 = Debug|Any CPU
		{7DAF0942-5F46-4E56-8E67-FAAA2F2F302A}.Release|Any CPU.ActiveCfg = Release|Any CPU
		{7DAF0942-5F46-4E56-8E67-FAAA2F2F302A}.Release|Any CPU.Build.0 = Release|Any CPU
		{B11BE218-0965-4276-BFF0-6D615D8A499D}.Debug|Any CPU.ActiveCfg = Debug|Any CPU
		{B11BE218-0965-4276-BFF0-6D615D8A499D}.Debug|Any CPU.Build.0 = Debug|Any CPU
		{B11BE218-0965-4276-BFF0-6D615D8A499D}.Release|Any CPU.ActiveCfg = Release|Any CPU
		{B11BE218-0965-4276-BFF0-6D615D8A499D}.Release|Any CPU.Build.0 = Release|Any CPU
		{1B8CB919-C96E-4D59-AAB9-B7396A15490A}.Debug|Any CPU.ActiveCfg = Debug|Any CPU
		{1B8CB919-C96E-4D59-AAB9-B7396A15490A}.Debug|Any CPU.Build.0 = Debug|Any CPU
		{1B8CB919-C96E-4D59-AAB9-B7396A15490A}.Release|Any CPU.ActiveCfg = Release|Any CPU
		{1B8CB919-C96E-4D59-AAB9-B7396A15490A}.Release|Any CPU.Build.0 = Release|Any CPU
		{7B1935BA-F17D-48E5-912B-5D1B997BFE6A}.Debug|Any CPU.ActiveCfg = Debug|Any CPU
		{7B1935BA-F17D-48E5-912B-5D1B997BFE6A}.Debug|Any CPU.Build.0 = Debug|Any CPU
		{7B1935BA-F17D-48E5-912B-5D1B997BFE6A}.Release|Any CPU.ActiveCfg = Release|Any CPU
		{7B1935BA-F17D-48E5-912B-5D1B997BFE6A}.Release|Any CPU.Build.0 = Release|Any CPU
		{9449EB5E-6654-4D31-B9DB-30F9401D9647}.Debug|Any CPU.ActiveCfg = Debug|Any CPU
		{9449EB5E-6654-4D31-B9DB-30F9401D9647}.Debug|Any CPU.Build.0 = Debug|Any CPU
		{9449EB5E-6654-4D31-B9DB-30F9401D9647}.Release|Any CPU.ActiveCfg = Release|Any CPU
		{9449EB5E-6654-4D31-B9DB-30F9401D9647}.Release|Any CPU.Build.0 = Release|Any CPU
		{93356360-8243-4FEF-8936-7111C1DE614D}.Debug|Any CPU.ActiveCfg = Debug|Any CPU
		{93356360-8243-4FEF-8936-7111C1DE614D}.Debug|Any CPU.Build.0 = Debug|Any CPU
		{93356360-8243-4FEF-8936-7111C1DE614D}.Release|Any CPU.ActiveCfg = Release|Any CPU
		{93356360-8243-4FEF-8936-7111C1DE614D}.Release|Any CPU.Build.0 = Release|Any CPU
		{146B437A-9D76-4FBE-B451-2980028FAA44}.Debug|Any CPU.ActiveCfg = Debug|Any CPU
		{146B437A-9D76-4FBE-B451-2980028FAA44}.Debug|Any CPU.Build.0 = Debug|Any CPU
		{146B437A-9D76-4FBE-B451-2980028FAA44}.Release|Any CPU.ActiveCfg = Release|Any CPU
		{146B437A-9D76-4FBE-B451-2980028FAA44}.Release|Any CPU.Build.0 = Release|Any CPU
	EndGlobalSection
	GlobalSection(SolutionProperties) = preSolution
		HideSolutionNode = FALSE
	EndGlobalSection
	GlobalSection(NestedProjects) = preSolution
		{3674041D-B4B1-4E9A-90AE-4F21BAA7643B} = {B87E090E-A285-479A-8D2B-93779774ED0E}
		{9DACBEE5-30D5-48CC-9436-7CB9A9190B5A} = {B87E090E-A285-479A-8D2B-93779774ED0E}
		{FD95D2C0-98BD-4D5B-A36A-E7A4B35B1B4B} = {4CC32BA1-1DB7-401C-8AA7-435A6B3D5634}
		{E542605F-2049-4F71-89E2-826902A81A98} = {4CC32BA1-1DB7-401C-8AA7-435A6B3D5634}
		{7DAF0942-5F46-4E56-8E67-FAAA2F2F302A} = {57FB8A46-623F-4286-B73E-EFFC932BA379}
		{57FB8A46-623F-4286-B73E-EFFC932BA379} = {6F7F7203-4E65-40D9-85A7-80B380DEDDFD}
		{73B242C3-1417-4A4C-8114-04A23F45040E} = {6F7F7203-4E65-40D9-85A7-80B380DEDDFD}
		{B11BE218-0965-4276-BFF0-6D615D8A499D} = {73B242C3-1417-4A4C-8114-04A23F45040E}
		{1B8CB919-C96E-4D59-AAB9-B7396A15490A} = {73B242C3-1417-4A4C-8114-04A23F45040E}
		{7B1935BA-F17D-48E5-912B-5D1B997BFE6A} = {73B242C3-1417-4A4C-8114-04A23F45040E}
		{9449EB5E-6654-4D31-B9DB-30F9401D9647} = {73B242C3-1417-4A4C-8114-04A23F45040E}
		{1A74AD52-B3CE-4159-B7C7-2B606B24B3C2} = {6F7F7203-4E65-40D9-85A7-80B380DEDDFD}
		{93356360-8243-4FEF-8936-7111C1DE614D} = {25A05534-3CEE-4212-AD40-C874F1B08075}
		{25A05534-3CEE-4212-AD40-C874F1B08075} = {1A74AD52-B3CE-4159-B7C7-2B606B24B3C2}
		{59C499F2-0258-428D-9674-A607A8613CB0} = {1A74AD52-B3CE-4159-B7C7-2B606B24B3C2}
		{146B437A-9D76-4FBE-B451-2980028FAA44} = {59C499F2-0258-428D-9674-A607A8613CB0}
	EndGlobalSection
	GlobalSection(ExtensibilityGlobals) = postSolution
		SolutionGuid = {AC6CBBC1-118C-461F-88F8-5DEBFB67A496}
	EndGlobalSection
EndGlobal
