
Microsoft Visual Studio Solution File, Format Version 12.00
# Visual Studio Version 17
VisualStudioVersion = 17.3.32811.315
MinimumVisualStudioVersion = 10.0.40219.1
Project("{FAE04EC0-301F-11D3-BF4B-00C04F79EFBC}") = "PatikaDevOdev", "PatikaDevOdev\PatikaDevOdev.csproj", "{F4A716C9-0288-43A1-9728-3DCB0BCEE891}"
EndProject
Project("{2150E333-8FDC-42A3-9474-1A3956D46DE8}") = "KoleksiyonNotlar", "KoleksiyonNotlar", "{3674041D-B4B1-4E9A-90AE-4F21BAA7643B}"
	ProjectSection(SolutionItems) = preProject
		ArrayKoleksiyon.cs = ArrayKoleksiyon.cs
		Dictionary.cs = Dictionary.cs
		GenericKoleksiyon.cs = GenericKoleksiyon.cs
	EndProjectSection
EndProject
Project("{FAE04EC0-301F-11D3-BF4B-00C04F79EFBC}") = "KoleksiyonOdev", "KoleksiyonOdev\KoleksiyonOdev.csproj", "{9E1B2457-8663-42A5-BC55-4A4166324EFB}"
EndProject
Project("{2150E333-8FDC-42A3-9474-1A3956D46DE8}") = "Notlar", "Notlar", "{B87E090E-A285-479A-8D2B-93779774ED0E}"
EndProject
Project("{FAE04EC0-301F-11D3-BF4B-00C04F79EFBC}") = "classlar", "notlarIcin\classlar.csproj", "{9DACBEE5-30D5-48CC-9436-7CB9A9190B5A}"
EndProject
Project("{2150E333-8FDC-42A3-9474-1A3956D46DE8}") = "Projeler", "Projeler", "{4CC32BA1-1DB7-401C-8AA7-435A6B3D5634}"
EndProject
Project("{FAE04EC0-301F-11D3-BF4B-00C04F79EFBC}") = "TelefonRehberi", "TelefonRehberi\TelefonRehberi.csproj", "{FD95D2C0-98BD-4D5B-A36A-E7A4B35B1B4B}"
EndProject
Project("{FAE04EC0-301F-11D3-BF4B-00C04F79EFBC}") = "ToDoUygulamasi", "ToDoUygulamasi\ToDoUygulamasi.csproj", "{E542605F-2049-4F71-89E2-826902A81A98}"
EndProject
Project("{2150E333-8FDC-42A3-9474-1A3956D46DE8}") = "CSharpProjelerOdev", "CSharpProjelerOdev", "{6F7F7203-4E65-40D9-85A7-80B380DEDDFD}"
EndProject
Project("{FAE04EC0-301F-11D3-BF4B-00C04F79EFBC}") = "KolaySeviyeHepsi", "KolaySeviyeHepsi\KolaySeviyeHepsi.csproj", "{7DAF0942-5F46-4E56-8E67-FAAA2F2F302A}"
EndProject
Global
	GlobalSection(SolutionConfigurationPlatforms) = preSolution
		Debug|Any CPU = Debug|Any CPU
		Release|Any CPU = Release|Any CPU
	EndGlobalSection
	GlobalSection(ProjectConfigurationPlatforms) = postSolution
		{F4A716C9-0288-43A1-9728-3DCB0BCEE891}.Debug|Any CPU.ActiveCfg = Debug|Any CPU
		{F4A716C9-0288-43A1-9728-3DCB0BCEE891}.Debug|Any CPU.Build.0 = Debug|Any CPU
		{F4A716C9-0288-43A1-9728-3DCB0BCEE891}.Release|Any CPU.ActiveCfg = Release|Any CPU
		{F4A716C9-0288-43A1-9728-3DCB0BCEE891}.Release|Any CPU.Build.0 = Release|Any CPU
		{9E1B2457-8663-42A5-BC55-4A4166324EFB}.Debug|Any CPU.ActiveCfg = Debug|Any CPU
		{9E1B2457-8663-42A5-BC55-4A4166324EFB}.Debug|Any CPU.Build.0 = Debug|Any CPU
		{9E1B2457-8663-42A5-BC55-4A4166324EFB}.Release|Any CPU.ActiveCfg = Release|Any CPU
		{9E1B2457-8663-42A5-BC55-4A4166324EFB}.Release|Any CPU.Build.0 = Release|Any CPU
		{9DACBEE5-30D5-48CC-9436-7CB9A9190B5A}.Debug|Any CPU.ActiveCfg = Debug|Any CPU
		{9DACBEE5-30D5-48CC-9436-7CB9A9190B5A}.Debug|Any CPU.Build.0 = Debug|Any CPU
		{9DACBEE5-30D5-48CC-9436-7CB9A9190B5A}.Release|Any CPU.ActiveCfg = Release|Any CPU
		{9DACBEE5-30D5-48CC-9436-7CB9A9190B5A}.Release|Any CPU.Build.0 = Release|Any CPU
		{FD95D2C0-98BD-4D5B-A36A-E7A4B35B1B4B}.Debug|Any CPU.ActiveCfg = Debug|Any CPU
		{FD95D2C0-98BD-4D5B-A36A-E7A4B35B1B4B}.Debug|Any CPU.Build.0 = Debug|Any CPU
		{FD95D2C0-98BD-4D5B-A36A-E7A4B35B1B4B}.Release|Any CPU.ActiveCfg = Release|Any CPU
		{FD95D2C0-98BD-4D5B-A36A-E7A4B35B1B4B}.Release|Any CPU.Build.0 = Release|Any CPU
		{E542605F-2049-4F71-89E2-826902A81A98}.Debug|Any CPU.ActiveCfg = Debug|Any CPU
		{E542605F-2049-4F71-89E2-826902A81A98}.Debug|Any CPU.Build.0 = Debug|Any CPU
		{E542605F-2049-4F71-89E2-826902A81A98}.Release|Any CPU.ActiveCfg = Release|Any CPU
		{E542605F-2049-4F71-89E2-826902A81A98}.Release|Any CPU.Build.0 = Release|Any CPU
		{7DAF0942-5F46-4E56-8E67-FAAA2F2F302A}.Debug|Any CPU.ActiveCfg = Debug|Any CPU
		{7DAF0942-5F46-4E56-8E67-FAAA2F2F302A}.Debug|Any CPU.Build.0 = Debug|Any CPU
		{7DAF0942-5F46-4E56-8E67-FAAA2F2F302A}.Release|Any CPU.ActiveCfg = Release|Any CPU
		{7DAF0942-5F46-4E56-8E67-FAAA2F2F302A}.Release|Any CPU.Build.0 = Release|Any CPU
	EndGlobalSection
	GlobalSection(SolutionProperties) = preSolution
		HideSolutionNode = FALSE
	EndGlobalSection
	GlobalSection(NestedProjects) = preSolution
		{3674041D-B4B1-4E9A-90AE-4F21BAA7643B} = {B87E090E-A285-479A-8D2B-93779774ED0E}
		{9DACBEE5-30D5-48CC-9436-7CB9A9190B5A} = {B87E090E-A285-479A-8D2B-93779774ED0E}
		{FD95D2C0-98BD-4D5B-A36A-E7A4B35B1B4B} = {4CC32BA1-1DB7-401C-8AA7-435A6B3D5634}
		{E542605F-2049-4F71-89E2-826902A81A98} = {4CC32BA1-1DB7-401C-8AA7-435A6B3D5634}
		{7DAF0942-5F46-4E56-8E67-FAAA2F2F302A} = {6F7F7203-4E65-40D9-85A7-80B380DEDDFD}
	EndGlobalSection
	GlobalSection(ExtensibilityGlobals) = postSolution
		SolutionGuid = {AC6CBBC1-118C-461F-88F8-5DEBFB67A496}
	EndGlobalSection
EndGlobal
